PODS:
  - audioplayers_darwin (0.0.1):
    - Flutter
    - FlutterMacOS
  - datadog_flutter_plugin (0.0.1):
    - DatadogCore (= 2.30.1)
    - DatadogCrashReporting (= 2.30.1)
    - DatadogInternal (= 2.30.1)
    - DatadogLogs (= 2.30.1)
    - DatadogRUM (= 2.30.1)
    - DictionaryCoder (= 1.2.0)
    - Flutter
  - DatadogCore (2.30.1):
    - DatadogInternal (= 2.30.1)
  - DatadogCrashReporting (2.30.1):
    - DatadogInternal (= 2.30.1)
    - PLCrashReporter (~> 1.12.0)
  - DatadogInternal (2.30.1)
  - DatadogLogs (2.30.1):
    - DatadogInternal (= 2.30.1)
  - DatadogRUM (2.30.1):
    - DatadogInternal (= 2.30.1)
  - device_info_plus (0.0.1):
    - Flutter
  - DictionaryCoder (1.2.0)
  - Flutter (1.0.0)
  - path_provider_foundation (0.0.1):
    - Flutter
    - FlutterMacOS
  - PLCrashReporter (1.12.0)
  - shared_preferences_foundation (0.0.1):
    - Flutter
    - FlutterMacOS
  - sign_in_with_apple (0.0.1):
    - Flutter
  - sqflite_darwin (0.0.4):
    - Flutter
    - FlutterMacOS
  - video_player_avfoundation (0.0.1):
    - Flutter
    - FlutterMacOS

DEPENDENCIES:
  - audioplayers_darwin (from `.symlinks/plugins/audioplayers_darwin/darwin`)
  - datadog_flutter_plugin (from `.symlinks/plugins/datadog_flutter_plugin/ios`)
  - device_info_plus (from `.symlinks/plugins/device_info_plus/ios`)
  - Flutter (from `Flutter`)
  - path_provider_foundation (from `.symlinks/plugins/path_provider_foundation/darwin`)
  - shared_preferences_foundation (from `.symlinks/plugins/shared_preferences_foundation/darwin`)
  - sign_in_with_apple (from `.symlinks/plugins/sign_in_with_apple/ios`)
  - sqflite_darwin (from `.symlinks/plugins/sqflite_darwin/darwin`)
  - video_player_avfoundation (from `.symlinks/plugins/video_player_avfoundation/darwin`)

SPEC REPOS:
  trunk:
    - DatadogCore
    - DatadogCrashReporting
    - DatadogInternal
    - DatadogLogs
    - DatadogRUM
    - DictionaryCoder
    - PLCrashReporter

EXTERNAL SOURCES:
  audioplayers_darwin:
    :path: ".symlinks/plugins/audioplayers_darwin/darwin"
  datadog_flutter_plugin:
    :path: ".symlinks/plugins/datadog_flutter_plugin/ios"
  device_info_plus:
    :path: ".symlinks/plugins/device_info_plus/ios"
  Flutter:
    :path: Flutter
  path_provider_foundation:
    :path: ".symlinks/plugins/path_provider_foundation/darwin"
  shared_preferences_foundation:
    :path: ".symlinks/plugins/shared_preferences_foundation/darwin"
  sign_in_with_apple:
    :path: ".symlinks/plugins/sign_in_with_apple/ios"
  sqflite_darwin:
    :path: ".symlinks/plugins/sqflite_darwin/darwin"
  video_player_avfoundation:
    :path: ".symlinks/plugins/video_player_avfoundation/darwin"

SPEC CHECKSUMS:
  audioplayers_darwin: 4027b33a8f471d996c13f71cb77f0b1583b5d923
  datadog_flutter_plugin: 737285aba1fdfe74bae0942ef4f48c7db23f5d0d
  DatadogCore: c09c6b3345d200ad8df6b8424562afc4c274d85e
  DatadogCrashReporting: 19c67670fe9ee01cc4cbc3c859d6c69dc6344e9e
  DatadogInternal: a712490b2c285095d748ccb437a9a630df949d7f
  DatadogLogs: 084f7974d6dbe053b5fbabc07a245a700c1514f7
  DatadogRUM: c9356f806db3599386f854bdb53494216600d2ae
  device_info_plus: 97af1d7e84681a90d0693e63169a5d50e0839a0d
  DictionaryCoder: f7115fcd074c8301e91f2eb862da1ea7d0385e61
  Flutter: cabc95a1d2626b1b06e7179b784ebcf0c0cde467
  path_provider_foundation: 2b6b4c569c0fb62ec74538f866245ac84301af46
  PLCrashReporter: db59ef96fa3d25f3650040d02ec2798cffee75f2
  shared_preferences_foundation: fcdcbc04712aee1108ac7fda236f363274528f78
  sign_in_with_apple: f3bf75217ea4c2c8b91823f225d70230119b8440
  sqflite_darwin: 5a7236e3b501866c1c9befc6771dfd73ffb8702d
  video_player_avfoundation: 7c6c11d8470e1675df7397027218274b6d2360b3

PODFILE CHECKSUM: 3c63482e143d1b91d2d2560aee9fb04ecc74ac7e

COCOAPODS: 1.16.2
